
Microsoft Visual Studio Solution File, Format Version 12.00
# Visual Studio 15
VisualStudioVersion = 15.0.27130.2027
MinimumVisualStudioVersion = 10.0.40219.1
Project("{2150E333-8FDC-42A3-9474-1A3956D46DE8}") = "src", "src", "{AA99A563-8455-400F-A5A2-F0B84C9781FB}"
EndProject
Project("{2150E333-8FDC-42A3-9474-1A3956D46DE8}") = "Solution Items", "Solution Items", "{0FE76ADE-49D3-4050-9C50-787AD9260477}"
EndProject
Project("{FAE04EC0-301F-11D3-BF4B-00C04F79EFBC}") = "UnifiedMediatR", "src\UnifiedMediatR\UnifiedMediatR.csproj", "{E3770A23-0EAA-464B-9E87-7AE04195CC57}"
EndProject
Global
	GlobalSection(SolutionConfigurationPlatforms) = preSolution
		Debug|Any CPU = Debug|Any CPU
		Release|Any CPU = Release|Any CPU
	EndGlobalSection
	GlobalSection(ProjectConfigurationPlatforms) = postSolution
		{E3770A23-0EAA-464B-9E87-7AE04195CC57}.Debug|Any CPU.ActiveCfg = Debug|Any CPU
		{E3770A23-0EAA-464B-9E87-7AE04195CC57}.Debug|Any CPU.Build.0 = Debug|Any CPU
		{E3770A23-0EAA-464B-9E87-7AE04195CC57}.Release|Any CPU.ActiveCfg = Release|Any CPU
		{E3770A23-0EAA-464B-9E87-7AE04195CC57}.Release|Any CPU.Build.0 = Release|Any CPU
	EndGlobalSection
	GlobalSection(SolutionProperties) = preSolution
		HideSolutionNode = FALSE
	EndGlobalSection
	GlobalSection(NestedProjects) = preSolution
		{E3770A23-0EAA-464B-9E87-7AE04195CC57} = {AA99A563-8455-400F-A5A2-F0B84C9781FB}
	EndGlobalSection
	GlobalSection(ExtensibilityGlobals) = postSolution
		SolutionGuid = {36CD236B-B838-4D76-8994-4F74E747C98A}
	EndGlobalSection
EndGlobal
